// !$*UTF8*$!
{
	archiveVersion = 1;
	classes = {
	};
	objectVersion = 50;
	objects = {

/* Begin PBXBuildFile section */
		1F51C3FB21A6FEBA0060AD17 /* AppDelegate.swift in Sources */ = {isa = PBXBuildFile; fileRef = 1F51C3FA21A6FEBA0060AD17 /* AppDelegate.swift */; };
		1F51C3FD21A6FEBA0060AD17 /* ViewController.swift in Sources */ = {isa = PBXBuildFile; fileRef = 1F51C3FC21A6FEBA0060AD17 /* ViewController.swift */; };
		1F51C40021A6FEBA0060AD17 /* Main.storyboard in Resources */ = {isa = PBXBuildFile; fileRef = 1F51C3FE21A6FEBA0060AD17 /* Main.storyboard */; };
		1F51C40221A6FEBB0060AD17 /* Assets.xcassets in Resources */ = {isa = PBXBuildFile; fileRef = 1F51C40121A6FEBB0060AD17 /* Assets.xcassets */; };
		1F51C40521A6FEBB0060AD17 /* LaunchScreen.storyboard in Resources */ = {isa = PBXBuildFile; fileRef = 1F51C40321A6FEBB0060AD17 /* LaunchScreen.storyboard */; };
		1F51C41021A6FEBC0060AD17 /* SantasJourneyTests.swift in Sources */ = {isa = PBXBuildFile; fileRef = 1F51C40F21A6FEBC0060AD17 /* SantasJourneyTests.swift */; };
		1F51C41B21A6FEBC0060AD17 /* SantasJourneyUITests.swift in Sources */ = {isa = PBXBuildFile; fileRef = 1F51C41A21A6FEBC0060AD17 /* SantasJourneyUITests.swift */; };
/* End PBXBuildFile section */

/* Begin PBXContainerItemProxy section */
		1F51C40C21A6FEBC0060AD17 /* PBXContainerItemProxy */ = {
			isa = PBXContainerItemProxy;
			containerPortal = 1F51C3EF21A6FEBA0060AD17 /* Project object */;
			proxyType = 1;
			remoteGlobalIDString = 1F51C3F621A6FEBA0060AD17;
			remoteInfo = SantasJourney;
		};
		1F51C41721A6FEBC0060AD17 /* PBXContainerItemProxy */ = {
			isa = PBXContainerItemProxy;
			containerPortal = 1F51C3EF21A6FEBA0060AD17 /* Project object */;
			proxyType = 1;
			remoteGlobalIDString = 1F51C3F621A6FEBA0060AD17;
			remoteInfo = SantasJourney;
		};
/* End PBXContainerItemProxy section */

/* Begin PBXFileReference section */
		1F51C3F721A6FEBA0060AD17 /* SantasJourney.app */ = {isa = PBXFileReference; explicitFileType = wrapper.application; includeInIndex = 0; path = SantasJourney.app; sourceTree = BUILT_PRODUCTS_DIR; };
		1F51C3FA21A6FEBA0060AD17 /* AppDelegate.swift */ = {isa = PBXFileReference; lastKnownFileType = sourcecode.swift; path = AppDelegate.swift; sourceTree = "<group>"; };
		1F51C3FC21A6FEBA0060AD17 /* ViewController.swift */ = {isa = PBXFileReference; lastKnownFileType = sourcecode.swift; path = ViewController.swift; sourceTree = "<group>"; };
		1F51C3FF21A6FEBA0060AD17 /* Base */ = {isa = PBXFileReference; lastKnownFileType = file.storyboard; name = Base; path = Base.lproj/Main.storyboard; sourceTree = "<group>"; };
		1F51C40121A6FEBB0060AD17 /* Assets.xcassets */ = {isa = PBXFileReference; lastKnownFileType = folder.assetcatalog; path = Assets.xcassets; sourceTree = "<group>"; };
		1F51C40421A6FEBB0060AD17 /* Base */ = {isa = PBXFileReference; lastKnownFileType = file.storyboard; name = Base; path = Base.lproj/LaunchScreen.storyboard; sourceTree = "<group>"; };
		1F51C40621A6FEBB0060AD17 /* Info.plist */ = {isa = PBXFileReference; lastKnownFileType = text.plist.xml; path = Info.plist; sourceTree = "<group>"; };
		1F51C40B21A6FEBC0060AD17 /* SantasJourneyTests.xctest */ = {isa = PBXFileReference; explicitFileType = wrapper.cfbundle; includeInIndex = 0; path = SantasJourneyTests.xctest; sourceTree = BUILT_PRODUCTS_DIR; };
		1F51C40F21A6FEBC0060AD17 /* SantasJourneyTests.swift */ = {isa = PBXFileReference; lastKnownFileType = sourcecode.swift; path = SantasJourneyTests.swift; sourceTree = "<group>"; };
		1F51C41121A6FEBC0060AD17 /* Info.plist */ = {isa = PBXFileReference; lastKnownFileType = text.plist.xml; path = Info.plist; sourceTree = "<group>"; };
		1F51C41621A6FEBC0060AD17 /* SantasJourneyUITests.xctest */ = {isa = PBXFileReference; explicitFileType = wrapper.cfbundle; includeInIndex = 0; path = SantasJourneyUITests.xctest; sourceTree = BUILT_PRODUCTS_DIR; };
		1F51C41A21A6FEBC0060AD17 /* SantasJourneyUITests.swift */ = {isa = PBXFileReference; lastKnownFileType = sourcecode.swift; path = SantasJourneyUITests.swift; sourceTree = "<group>"; };
		1F51C41C21A6FEBC0060AD17 /* Info.plist */ = {isa = PBXFileReference; lastKnownFileType = text.plist.xml; path = Info.plist; sourceTree = "<group>"; };
/* End PBXFileReference section */

/* Begin PBXFrameworksBuildPhase section */
		1F51C3F421A6FEBA0060AD17 /* Frameworks */ = {
			isa = PBXFrameworksBuildPhase;
			buildActionMask = 2147483647;
			files = (
			);
			runOnlyForDeploymentPostprocessing = 0;
		};
		1F51C40821A6FEBC0060AD17 /* Frameworks */ = {
			isa = PBXFrameworksBuildPhase;
			buildActionMask = 2147483647;
			files = (
			);
			runOnlyForDeploymentPostprocessing = 0;
		};
		1F51C41321A6FEBC0060AD17 /* Frameworks */ = {
			isa = PBXFrameworksBuildPhase;
			buildActionMask = 2147483647;
			files = (
			);
			runOnlyForDeploymentPostprocessing = 0;
		};
/* End PBXFrameworksBuildPhase section */

/* Begin PBXGroup section */
		1F51C3EE21A6FEBA0060AD17 = {
			isa = PBXGroup;
			children = (
				1F51C3F921A6FEBA0060AD17 /* SantasJourney */,
				1F51C40E21A6FEBC0060AD17 /* SantasJourneyTests */,
				1F51C41921A6FEBC0060AD17 /* SantasJourneyUITests */,
				1F51C3F821A6FEBA0060AD17 /* Products */,
			);
			sourceTree = "<group>";
		};
		1F51C3F821A6FEBA0060AD17 /* Products */ = {
			isa = PBXGroup;
			children = (
				1F51C3F721A6FEBA0060AD17 /* SantasJourney.app */,
				1F51C40B21A6FEBC0060AD17 /* SantasJourneyTests.xctest */,
				1F51C41621A6FEBC0060AD17 /* SantasJourneyUITests.xctest */,
			);
			name = Products;
			sourceTree = "<group>";
		};
		1F51C3F921A6FEBA0060AD17 /* SantasJourney */ = {
			isa = PBXGroup;
			children = (
				1F51C3FA21A6FEBA0060AD17 /* AppDelegate.swift */,
				1F51C3FC21A6FEBA0060AD17 /* ViewController.swift */,
				1F51C3FE21A6FEBA0060AD17 /* Main.storyboard */,
				1F51C40121A6FEBB0060AD17 /* Assets.xcassets */,
				1F51C40321A6FEBB0060AD17 /* LaunchScreen.storyboard */,
				1F51C40621A6FEBB0060AD17 /* Info.plist */,
			);
			path = SantasJourney;
			sourceTree = "<group>";
		};
		1F51C40E21A6FEBC0060AD17 /* SantasJourneyTests */ = {
			isa = PBXGroup;
			children = (
				1F51C40F21A6FEBC0060AD17 /* SantasJourneyTests.swift */,
				1F51C41121A6FEBC0060AD17 /* Info.plist */,
			);
			path = SantasJourneyTests;
			sourceTree = "<group>";
		};
		1F51C41921A6FEBC0060AD17 /* SantasJourneyUITests */ = {
			isa = PBXGroup;
			children = (
				1F51C41A21A6FEBC0060AD17 /* SantasJourneyUITests.swift */,
				1F51C41C21A6FEBC0060AD17 /* Info.plist */,
			);
			path = SantasJourneyUITests;
			sourceTree = "<group>";
		};
/* End PBXGroup section */

/* Begin PBXNativeTarget section */
		1F51C3F621A6FEBA0060AD17 /* SantasJourney */ = {
			isa = PBXNativeTarget;
			buildConfigurationList = 1F51C41F21A6FEBC0060AD17 /* Build configuration list for PBXNativeTarget "SantasJourney" */;
			buildPhases = (
				1F51C3F321A6FEBA0060AD17 /* Sources */,
				1F51C3F421A6FEBA0060AD17 /* Frameworks */,
				1F51C3F521A6FEBA0060AD17 /* Resources */,
			);
			buildRules = (
			);
			dependencies = (
			);
			name = SantasJourney;
			productName = SantasJourney;
			productReference = 1F51C3F721A6FEBA0060AD17 /* SantasJourney.app */;
			productType = "com.apple.product-type.application";
		};
		1F51C40A21A6FEBC0060AD17 /* SantasJourneyTests */ = {
			isa = PBXNativeTarget;
			buildConfigurationList = 1F51C42221A6FEBC0060AD17 /* Build configuration list for PBXNativeTarget "SantasJourneyTests" */;
			buildPhases = (
				1F51C40721A6FEBC0060AD17 /* Sources */,
				1F51C40821A6FEBC0060AD17 /* Frameworks */,
				1F51C40921A6FEBC0060AD17 /* Resources */,
			);
			buildRules = (
			);
			dependencies = (
				1F51C40D21A6FEBC0060AD17 /* PBXTargetDependency */,
			);
			name = SantasJourneyTests;
			productName = SantasJourneyTests;
			productReference = 1F51C40B21A6FEBC0060AD17 /* SantasJourneyTests.xctest */;
			productType = "com.apple.product-type.bundle.unit-test";
		};
		1F51C41521A6FEBC0060AD17 /* SantasJourneyUITests */ = {
			isa = PBXNativeTarget;
			buildConfigurationList = 1F51C42521A6FEBC0060AD17 /* Build configuration list for PBXNativeTarget "SantasJourneyUITests" */;
			buildPhases = (
				1F51C41221A6FEBC0060AD17 /* Sources */,
				1F51C41321A6FEBC0060AD17 /* Frameworks */,
				1F51C41421A6FEBC0060AD17 /* Resources */,
			);
			buildRules = (
			);
			dependencies = (
				1F51C41821A6FEBC0060AD17 /* PBXTargetDependency */,
			);
			name = SantasJourneyUITests;
			productName = SantasJourneyUITests;
			productReference = 1F51C41621A6FEBC0060AD17 /* SantasJourneyUITests.xctest */;
			productType = "com.apple.product-type.bundle.ui-testing";
		};
/* End PBXNativeTarget section */

/* Begin PBXProject section */
		1F51C3EF21A6FEBA0060AD17 /* Project object */ = {
			isa = PBXProject;
			attributes = {
				LastSwiftUpdateCheck = 1010;
				LastUpgradeCheck = 1010;
				ORGANIZATIONNAME = "Leon Purser";
				TargetAttributes = {
					1F51C3F621A6FEBA0060AD17 = {
						CreatedOnToolsVersion = 10.1;
					};
					1F51C40A21A6FEBC0060AD17 = {
						CreatedOnToolsVersion = 10.1;
						TestTargetID = 1F51C3F621A6FEBA0060AD17;
					};
					1F51C41521A6FEBC0060AD17 = {
						CreatedOnToolsVersion = 10.1;
						TestTargetID = 1F51C3F621A6FEBA0060AD17;
					};
				};
			};
			buildConfigurationList = 1F51C3F221A6FEBA0060AD17 /* Build configuration list for PBXProject "SantasJourney" */;
			compatibilityVersion = "Xcode 9.3";
			developmentRegion = en;
			hasScannedForEncodings = 0;
			knownRegions = (
				en,
				Base,
			);
			mainGroup = 1F51C3EE21A6FEBA0060AD17;
			productRefGroup = 1F51C3F821A6FEBA0060AD17 /* Products */;
			projectDirPath = "";
			projectRoot = "";
			targets = (
				1F51C3F621A6FEBA0060AD17 /* SantasJourney */,
				1F51C40A21A6FEBC0060AD17 /* SantasJourneyTests */,
				1F51C41521A6FEBC0060AD17 /* SantasJourneyUITests */,
			);
		};
/* End PBXProject section */

/* Begin PBXResourcesBuildPhase section */
		1F51C3F521A6FEBA0060AD17 /* Resources */ = {
			isa = PBXResourcesBuildPhase;
			buildActionMask = 2147483647;
			files = (
				1F51C40521A6FEBB0060AD17 /* LaunchScreen.storyboard in Resources */,
				1F51C40221A6FEBB0060AD17 /* Assets.xcassets in Resources */,
				1F51C40021A6FEBA0060AD17 /* Main.storyboard in Resources */,
			);
			runOnlyForDeploymentPostprocessing = 0;
		};
		1F51C40921A6FEBC0060AD17 /* Resources */ = {
			isa = PBXResourcesBuildPhase;
			buildActionMask = 2147483647;
			files = (
			);
			runOnlyForDeploymentPostprocessing = 0;
		};
		1F51C41421A6FEBC0060AD17 /* Resources */ = {
			isa = PBXResourcesBuildPhase;
			buildActionMask = 2147483647;
			files = (
			);
			runOnlyForDeploymentPostprocessing = 0;
		};
/* End PBXResourcesBuildPhase section */

/* Begin PBXSourcesBuildPhase section */
		1F51C3F321A6FEBA0060AD17 /* Sources */ = {
			isa = PBXSourcesBuildPhase;
			buildActionMask = 2147483647;
			files = (
				1F51C3FD21A6FEBA0060AD17 /* ViewController.swift in Sources */,
				1F51C3FB21A6FEBA0060AD17 /* AppDelegate.swift in Sources */,
			);
			runOnlyForDeploymentPostprocessing = 0;
		};
		1F51C40721A6FEBC0060AD17 /* Sources */ = {
			isa = PBXSourcesBuildPhase;
			buildActionMask = 2147483647;
			files = (
				1F51C41021A6FEBC0060AD17 /* SantasJourneyTests.swift in Sources */,
			);
			runOnlyForDeploymentPostprocessing = 0;
		};
		1F51C41221A6FEBC0060AD17 /* Sources */ = {
			isa = PBXSourcesBuildPhase;
			buildActionMask = 2147483647;
			files = (
				1F51C41B21A6FEBC0060AD17 /* SantasJourneyUITests.swift in Sources */,
			);
			runOnlyForDeploymentPostprocessing = 0;
		};
/* End PBXSourcesBuildPhase section */

/* Begin PBXTargetDependency section */
		1F51C40D21A6FEBC0060AD17 /* PBXTargetDependency */ = {
			isa = PBXTargetDependency;
			target = 1F51C3F621A6FEBA0060AD17 /* SantasJourney */;
			targetProxy = 1F51C40C21A6FEBC0060AD17 /* PBXContainerItemProxy */;
		};
		1F51C41821A6FEBC0060AD17 /* PBXTargetDependency */ = {
			isa = PBXTargetDependency;
			target = 1F51C3F621A6FEBA0060AD17 /* SantasJourney */;
			targetProxy = 1F51C41721A6FEBC0060AD17 /* PBXContainerItemProxy */;
		};
/* End PBXTargetDependency section */

/* Begin PBXVariantGroup section */
		1F51C3FE21A6FEBA0060AD17 /* Main.storyboard */ = {
			isa = PBXVariantGroup;
			children = (
				1F51C3FF21A6FEBA0060AD17 /* Base */,
			);
			name = Main.storyboard;
			sourceTree = "<group>";
		};
		1F51C40321A6FEBB0060AD17 /* LaunchScreen.storyboard */ = {
			isa = PBXVariantGroup;
			children = (
				1F51C40421A6FEBB0060AD17 /* Base */,
			);
			name = LaunchScreen.storyboard;
			sourceTree = "<group>";
		};
/* End PBXVariantGroup section */

/* Begin XCBuildConfiguration section */
		1F51C41D21A6FEBC0060AD17 /* Debug */ = {
			isa = XCBuildConfiguration;
			buildSettings = {
				ALWAYS_SEARCH_USER_PATHS = NO;
				CLANG_ANALYZER_NONNULL = YES;
				CLANG_ANALYZER_NUMBER_OBJECT_CONVERSION = YES_AGGRESSIVE;
				CLANG_CXX_LANGUAGE_STANDARD = "gnu++14";
				CLANG_CXX_LIBRARY = "libc++";
				CLANG_ENABLE_MODULES = YES;
				CLANG_ENABLE_OBJC_ARC = YES;
				CLANG_ENABLE_OBJC_WEAK = YES;
				CLANG_WARN_BLOCK_CAPTURE_AUTORELEASING = YES;
				CLANG_WARN_BOOL_CONVERSION = YES;
				CLANG_WARN_COMMA = YES;
				CLANG_WARN_CONSTANT_CONVERSION = YES;
				CLANG_WARN_DEPRECATED_OBJC_IMPLEMENTATIONS = YES;
				CLANG_WARN_DIRECT_OBJC_ISA_USAGE = YES_ERROR;
				CLANG_WARN_DOCUMENTATION_COMMENTS = YES;
				CLANG_WARN_EMPTY_BODY = YES;
				CLANG_WARN_ENUM_CONVERSION = YES;
				CLANG_WARN_INFINITE_RECURSION = YES;
				CLANG_WARN_INT_CONVERSION = YES;
				CLANG_WARN_NON_LITERAL_NULL_CONVERSION = YES;
				CLANG_WARN_OBJC_IMPLICIT_RETAIN_SELF = YES;
				CLANG_WARN_OBJC_LITERAL_CONVERSION = YES;
				CLANG_WARN_OBJC_ROOT_CLASS = YES_ERROR;
				CLANG_WARN_RANGE_LOOP_ANALYSIS = YES;
				CLANG_WARN_STRICT_PROTOTYPES = YES;
				CLANG_WARN_SUSPICIOUS_MOVE = YES;
				CLANG_WARN_UNGUARDED_AVAILABILITY = YES_AGGRESSIVE;
				CLANG_WARN_UNREACHABLE_CODE = YES;
				CLANG_WARN__DUPLICATE_METHOD_MATCH = YES;
				CODE_SIGN_IDENTITY = "iPhone Developer";
				COPY_PHASE_STRIP = NO;
				DEBUG_INFORMATION_FORMAT = dwarf;
				ENABLE_STRICT_OBJC_MSGSEND = YES;
				ENABLE_TESTABILITY = YES;
				GCC_C_LANGUAGE_STANDARD = gnu11;
				GCC_DYNAMIC_NO_PIC = NO;
				GCC_NO_COMMON_BLOCKS = YES;
				GCC_OPTIMIZATION_LEVEL = 0;
				GCC_PREPROCESSOR_DEFINITIONS = (
					"DEBUG=1",
					"$(inherited)",
				);
				GCC_WARN_64_TO_32_BIT_CONVERSION = YES;
				GCC_WARN_ABOUT_RETURN_TYPE = YES_ERROR;
				GCC_WARN_UNDECLARED_SELECTOR = YES;
				GCC_WARN_UNINITIALIZED_AUTOS = YES_AGGRESSIVE;
				GCC_WARN_UNUSED_FUNCTION = YES;
				GCC_WARN_UNUSED_VARIABLE = YES;
				IPHONEOS_DEPLOYMENT_TARGET = 12.1;
				MTL_ENABLE_DEBUG_INFO = INCLUDE_SOURCE;
				MTL_FAST_MATH = YES;
				ONLY_ACTIVE_ARCH = YES;
				SDKROOT = iphoneos;
				SWIFT_ACTIVE_COMPILATION_CONDITIONS = DEBUG;
				SWIFT_OPTIMIZATION_LEVEL = "-Onone";
			};
			name = Debug;
		};
		1F51C41E21A6FEBC0060AD17 /* Release */ = {
			isa = XCBuildConfiguration;
			buildSettings = {
				ALWAYS_SEARCH_USER_PATHS = NO;
				CLANG_ANALYZER_NONNULL = YES;
				CLANG_ANALYZER_NUMBER_OBJECT_CONVERSION = YES_AGGRESSIVE;
				CLANG_CXX_LANGUAGE_STANDARD = "gnu++14";
				CLANG_CXX_LIBRARY = "libc++";
				CLANG_ENABLE_MODULES = YES;
				CLANG_ENABLE_OBJC_ARC = YES;
				CLANG_ENABLE_OBJC_WEAK = YES;
				CLANG_WARN_BLOCK_CAPTURE_AUTORELEASING = YES;
				CLANG_WARN_BOOL_CONVERSION = YES;
				CLANG_WARN_COMMA = YES;
				CLANG_WARN_CONSTANT_CONVERSION = YES;
				CLANG_WARN_DEPRECATED_OBJC_IMPLEMENTATIONS = YES;
				CLANG_WARN_DIRECT_OBJC_ISA_USAGE = YES_ERROR;
				CLANG_WARN_DOCUMENTATION_COMMENTS = YES;
				CLANG_WARN_EMPTY_BODY = YES;
				CLANG_WARN_ENUM_CONVERSION = YES;
				CLANG_WARN_INFINITE_RECURSION = YES;
				CLANG_WARN_INT_CONVERSION = YES;
				CLANG_WARN_NON_LITERAL_NULL_CONVERSION = YES;
				CLANG_WARN_OBJC_IMPLICIT_RETAIN_SELF = YES;
				CLANG_WARN_OBJC_LITERAL_CONVERSION = YES;
				CLANG_WARN_OBJC_ROOT_CLASS = YES_ERROR;
				CLANG_WARN_RANGE_LOOP_ANALYSIS = YES;
				CLANG_WARN_STRICT_PROTOTYPES = YES;
				CLANG_WARN_SUSPICIOUS_MOVE = YES;
				CLANG_WARN_UNGUARDED_AVAILABILITY = YES_AGGRESSIVE;
				CLANG_WARN_UNREACHABLE_CODE = YES;
				CLANG_WARN__DUPLICATE_METHOD_MATCH = YES;
				CODE_SIGN_IDENTITY = "iPhone Developer";
				COPY_PHASE_STRIP = NO;
				DEBUG_INFORMATION_FORMAT = "dwarf-with-dsym";
				ENABLE_NS_ASSERTIONS = NO;
				ENABLE_STRICT_OBJC_MSGSEND = YES;
				GCC_C_LANGUAGE_STANDARD = gnu11;
				GCC_NO_COMMON_BLOCKS = YES;
				GCC_WARN_64_TO_32_BIT_CONVERSION = YES;
				GCC_WARN_ABOUT_RETURN_TYPE = YES_ERROR;
				GCC_WARN_UNDECLARED_SELECTOR = YES;
				GCC_WARN_UNINITIALIZED_AUTOS = YES_AGGRESSIVE;
				GCC_WARN_UNUSED_FUNCTION = YES;
				GCC_WARN_UNUSED_VARIABLE = YES;
				IPHONEOS_DEPLOYMENT_TARGET = 12.1;
				MTL_ENABLE_DEBUG_INFO = NO;
				MTL_FAST_MATH = YES;
				SDKROOT = iphoneos;
				SWIFT_COMPILATION_MODE = wholemodule;
				SWIFT_OPTIMIZATION_LEVEL = "-O";
				VALIDATE_PRODUCT = YES;
			};
			name = Release;
		};
		1F51C42021A6FEBC0060AD17 /* Debug */ = {
			isa = XCBuildConfiguration;
			buildSettings = {
				ASSETCATALOG_COMPILER_APPICON_NAME = AppIcon;
				CODE_SIGN_STYLE = Automatic;
				DEVELOPMENT_TEAM = YKTYXK6S6H;
				INFOPLIST_FILE = SantasJourney/Info.plist;
				LD_RUNPATH_SEARCH_PATHS = (
					"$(inherited)",
					"@executable_path/Frameworks",
				);
				PRODUCT_BUNDLE_IDENTIFIER = Leon.SantasJourney;
				PRODUCT_NAME = "$(TARGET_NAME)";
				SWIFT_VERSION = 4.2;
				TARGETED_DEVICE_FAMILY = "1,2";
			};
			name = Debug;
		};
		1F51C42121A6FEBC0060AD17 /* Release */ = {
			isa = XCBuildConfiguration;
			buildSettings = {
				ASSETCATALOG_COMPILER_APPICON_NAME = AppIcon;
				CODE_SIGN_STYLE = Automatic;
				DEVELOPMENT_TEAM = YKTYXK6S6H;
				INFOPLIST_FILE = SantasJourney/Info.plist;
				LD_RUNPATH_SEARCH_PATHS = (
					"$(inherited)",
					"@executable_path/Frameworks",
				);
				PRODUCT_BUNDLE_IDENTIFIER = Leon.SantasJourney;
				PRODUCT_NAME = "$(TARGET_NAME)";
				SWIFT_VERSION = 4.2;
				TARGETED_DEVICE_FAMILY = "1,2";
			};
			name = Release;
		};
		1F51C42321A6FEBC0060AD17 /* Debug */ = {
			isa = XCBuildConfiguration;
			buildSettings = {
				ALWAYS_EMBED_SWIFT_STANDARD_LIBRARIES = YES;
				BUNDLE_LOADER = "$(TEST_HOST)";
				CODE_SIGN_STYLE = Automatic;
				DEVELOPMENT_TEAM = YKTYXK6S6H;
				INFOPLIST_FILE = SantasJourneyTests/Info.plist;
				LD_RUNPATH_SEARCH_PATHS = (
					"$(inherited)",
					"@executable_path/Frameworks",
					"@loader_path/Frameworks",
				);
				PRODUCT_BUNDLE_IDENTIFIER = Leon.SantasJourneyTests;
				PRODUCT_NAME = "$(TARGET_NAME)";
				SWIFT_VERSION = 4.2;
				TARGETED_DEVICE_FAMILY = "1,2";
				TEST_HOST = "$(BUILT_PRODUCTS_DIR)/SantasJourney.app/SantasJourney";
			};
			name = Debug;
		};
		1F51C42421A6FEBC0060AD17 /* Release */ = {
			isa = XCBuildConfiguration;
			buildSettings = {
				ALWAYS_EMBED_SWIFT_STANDARD_LIBRARIES = YES;
				BUNDLE_LOADER = "$(TEST_HOST)";
				CODE_SIGN_STYLE = Automatic;
				DEVELOPMENT_TEAM = YKTYXK6S6H;
				INFOPLIST_FILE = SantasJourneyTests/Info.plist;
				LD_RUNPATH_SEARCH_PATHS = (
					"$(inherited)",
					"@executable_path/Frameworks",
					"@loader_path/Frameworks",
				);
				PRODUCT_BUNDLE_IDENTIFIER = Leon.SantasJourneyTests;
				PRODUCT_NAME = "$(TARGET_NAME)";
				SWIFT_VERSION = 4.2;
				TARGETED_DEVICE_FAMILY = "1,2";
				TEST_HOST = "$(BUILT_PRODUCTS_DIR)/SantasJourney.app/SantasJourney";
			};
			name = Release;
		};
		1F51C42621A6FEBC0060AD17 /* Debug */ = {
			isa = XCBuildConfiguration;
			buildSettings = {
				ALWAYS_EMBED_SWIFT_STANDARD_LIBRARIES = YES;
				CODE_SIGN_STYLE = Automatic;
				DEVELOPMENT_TEAM = YKTYXK6S6H;
				INFOPLIST_FILE = SantasJourneyUITests/Info.plist;
				LD_RUNPATH_SEARCH_PATHS = (
					"$(inherited)",
					"@executable_path/Frameworks",
					"@loader_path/Frameworks",
				);
				PRODUCT_BUNDLE_IDENTIFIER = Leon.SantasJourneyUITests;
				PRODUCT_NAME = "$(TARGET_NAME)";
				SWIFT_VERSION = 4.2;
				TARGETED_DEVICE_FAMILY = "1,2";
				TEST_TARGET_NAME = SantasJourney;
			};
			name = Debug;
		};
		1F51C42721A6FEBC0060AD17 /* Release */ = {
			isa = XCBuildConfiguration;
			buildSettings = {
				ALWAYS_EMBED_SWIFT_STANDARD_LIBRARIES = YES;
				CODE_SIGN_STYLE = Automatic;
				DEVELOPMENT_TEAM = YKTYXK6S6H;
				INFOPLIST_FILE = SantasJourneyUITests/Info.plist;
				LD_RUNPATH_SEARCH_PATHS = (
					"$(inherited)",
					"@executable_path/Frameworks",
					"@loader_path/Frameworks",
				);
				PRODUCT_BUNDLE_IDENTIFIER = Leon.SantasJourneyUITests;
				PRODUCT_NAME = "$(TARGET_NAME)";
				SWIFT_VERSION = 4.2;
				TARGETED_DEVICE_FAMILY = "1,2";
				TEST_TARGET_NAME = SantasJourney;
			};
			name = Release;
		};
/* End XCBuildConfiguration section */

/* Begin XCConfigurationList section */
		1F51C3F221A6FEBA0060AD17 /* Build configuration list for PBXProject "SantasJourney" */ = {
			isa = XCConfigurationList;
			buildConfigurations = (
				1F51C41D21A6FEBC0060AD17 /* Debug */,
				1F51C41E21A6FEBC0060AD17 /* Release */,
			);
			defaultConfigurationIsVisible = 0;
			defaultConfigurationName = Release;
		};
		1F51C41F21A6FEBC0060AD17 /* Build configuration list for PBXNativeTarget "SantasJourney" */ = {
			isa = XCConfigurationList;
			buildConfigurations = (
				1F51C42021A6FEBC0060AD17 /* Debug */,
				1F51C42121A6FEBC0060AD17 /* Release */,
			);
			defaultConfigurationIsVisible = 0;
			defaultConfigurationName = Release;
		};
		1F51C42221A6FEBC0060AD17 /* Build configuration list for PBXNativeTarget "SantasJourneyTests" */ = {
			isa = XCConfigurationList;
			buildConfigurations = (
				1F51C42321A6FEBC0060AD17 /* Debug */,
				1F51C42421A6FEBC0060AD17 /* Release */,
			);
			defaultConfigurationIsVisible = 0;
			defaultConfigurationName = Release;
		};
		1F51C42521A6FEBC0060AD17 /* Build configuration list for PBXNativeTarget "SantasJourneyUITests" */ = {
			isa = XCConfigurationList;
			buildConfigurations = (
				1F51C42621A6FEBC0060AD17 /* Debug */,
				1F51C42721A6FEBC0060AD17 /* Release */,
			);
			defaultConfigurationIsVisible = 0;
			defaultConfigurationName = Release;
		};
/* End XCConfigurationList section */
	};
	rootObject = 1F51C3EF21A6FEBA0060AD17 /* Project object */;
}
